// !$*UTF8*$!
{
	archiveVersion = 1;
	classes = {
	};
	objectVersion = 50;
	objects = {

/* Begin PBXBuildFile section */
		71B320232395DC0D001D04E6 /* AppDelegate.swift in Sources */ = {isa = PBXBuildFile; fileRef = 71B320222395DC0D001D04E6 /* AppDelegate.swift */; };
		71B320252395DC0D001D04E6 /* SceneDelegate.swift in Sources */ = {isa = PBXBuildFile; fileRef = 71B320242395DC0D001D04E6 /* SceneDelegate.swift */; };
		71B320272395DC0D001D04E6 /* ViewController.swift in Sources */ = {isa = PBXBuildFile; fileRef = 71B320262395DC0D001D04E6 /* ViewController.swift */; };
		71B3202A2395DC0D001D04E6 /* Main.storyboard in Resources */ = {isa = PBXBuildFile; fileRef = 71B320282395DC0D001D04E6 /* Main.storyboard */; };
		71B3202D2395DC0D001D04E6 /* NYTBookApp.xcdatamodeld in Sources */ = {isa = PBXBuildFile; fileRef = 71B3202B2395DC0D001D04E6 /* NYTBookApp.xcdatamodeld */; };
		71B3202F2395DC0E001D04E6 /* Assets.xcassets in Resources */ = {isa = PBXBuildFile; fileRef = 71B3202E2395DC0E001D04E6 /* Assets.xcassets */; };
		71B320322395DC0E001D04E6 /* LaunchScreen.storyboard in Resources */ = {isa = PBXBuildFile; fileRef = 71B320302395DC0E001D04E6 /* LaunchScreen.storyboard */; };
		71B3203D2395DC0F001D04E6 /* NYTBookAppTests.swift in Sources */ = {isa = PBXBuildFile; fileRef = 71B3203C2395DC0F001D04E6 /* NYTBookAppTests.swift */; };
		71B320482395DC0F001D04E6 /* NYTBookAppUITests.swift in Sources */ = {isa = PBXBuildFile; fileRef = 71B320472395DC0F001D04E6 /* NYTBookAppUITests.swift */; };
		7A94AC9AA36569537CC342F9 /* Pods_NYTBookApp.framework in Frameworks */ = {isa = PBXBuildFile; fileRef = A5EA0E8D08AFF91C6BF72475 /* Pods_NYTBookApp.framework */; };
		98875F821DD1A95CA0536E29 /* Pods_NYTBookAppTests.framework in Frameworks */ = {isa = PBXBuildFile; fileRef = 2B9217170A2BEEB0D7FCE833 /* Pods_NYTBookAppTests.framework */; };
		F14A9379088C926270B970EB /* Pods_NYTBookApp_NYTBookAppUITests.framework in Frameworks */ = {isa = PBXBuildFile; fileRef = B156811B323EA2035E22028A /* Pods_NYTBookApp_NYTBookAppUITests.framework */; };
/* End PBXBuildFile section */

/* Begin PBXContainerItemProxy section */
		71B320392395DC0E001D04E6 /* PBXContainerItemProxy */ = {
			isa = PBXContainerItemProxy;
			containerPortal = 71B320172395DC0D001D04E6 /* Project object */;
			proxyType = 1;
			remoteGlobalIDString = 71B3201E2395DC0D001D04E6;
			remoteInfo = NYTBookApp;
		};
		71B320442395DC0F001D04E6 /* PBXContainerItemProxy */ = {
			isa = PBXContainerItemProxy;
			containerPortal = 71B320172395DC0D001D04E6 /* Project object */;
			proxyType = 1;
			remoteGlobalIDString = 71B3201E2395DC0D001D04E6;
			remoteInfo = NYTBookApp;
		};
/* End PBXContainerItemProxy section */

/* Begin PBXFileReference section */
		1897AB6699BA34BCA467F919 /* Pods-NYTBookAppTests.release.xcconfig */ = {isa = PBXFileReference; includeInIndex = 1; lastKnownFileType = text.xcconfig; name = "Pods-NYTBookAppTests.release.xcconfig"; path = "Target Support Files/Pods-NYTBookAppTests/Pods-NYTBookAppTests.release.xcconfig"; sourceTree = "<group>"; };
		1E007426A816A6574CC1C334 /* Pods-NYTBookApp-NYTBookAppUITests.debug.xcconfig */ = {isa = PBXFileReference; includeInIndex = 1; lastKnownFileType = text.xcconfig; name = "Pods-NYTBookApp-NYTBookAppUITests.debug.xcconfig"; path = "Target Support Files/Pods-NYTBookApp-NYTBookAppUITests/Pods-NYTBookApp-NYTBookAppUITests.debug.xcconfig"; sourceTree = "<group>"; };
		2B9217170A2BEEB0D7FCE833 /* Pods_NYTBookAppTests.framework */ = {isa = PBXFileReference; explicitFileType = wrapper.framework; includeInIndex = 0; path = Pods_NYTBookAppTests.framework; sourceTree = BUILT_PRODUCTS_DIR; };
		687AF99B09CAE56CADA065B5 /* Pods-NYTBookApp-NYTBookAppUITests.release.xcconfig */ = {isa = PBXFileReference; includeInIndex = 1; lastKnownFileType = text.xcconfig; name = "Pods-NYTBookApp-NYTBookAppUITests.release.xcconfig"; path = "Target Support Files/Pods-NYTBookApp-NYTBookAppUITests/Pods-NYTBookApp-NYTBookAppUITests.release.xcconfig"; sourceTree = "<group>"; };
		71B3201F2395DC0D001D04E6 /* NYTBookApp.app */ = {isa = PBXFileReference; explicitFileType = wrapper.application; includeInIndex = 0; path = NYTBookApp.app; sourceTree = BUILT_PRODUCTS_DIR; };
		71B320222395DC0D001D04E6 /* AppDelegate.swift */ = {isa = PBXFileReference; lastKnownFileType = sourcecode.swift; path = AppDelegate.swift; sourceTree = "<group>"; };
		71B320242395DC0D001D04E6 /* SceneDelegate.swift */ = {isa = PBXFileReference; lastKnownFileType = sourcecode.swift; path = SceneDelegate.swift; sourceTree = "<group>"; };
		71B320262395DC0D001D04E6 /* ViewController.swift */ = {isa = PBXFileReference; lastKnownFileType = sourcecode.swift; path = ViewController.swift; sourceTree = "<group>"; };
		71B320292395DC0D001D04E6 /* Base */ = {isa = PBXFileReference; lastKnownFileType = file.storyboard; name = Base; path = Base.lproj/Main.storyboard; sourceTree = "<group>"; };
		71B3202C2395DC0D001D04E6 /* NYTBookApp.xcdatamodel */ = {isa = PBXFileReference; lastKnownFileType = wrapper.xcdatamodel; path = NYTBookApp.xcdatamodel; sourceTree = "<group>"; };
		71B3202E2395DC0E001D04E6 /* Assets.xcassets */ = {isa = PBXFileReference; lastKnownFileType = folder.assetcatalog; path = Assets.xcassets; sourceTree = "<group>"; };
		71B320312395DC0E001D04E6 /* Base */ = {isa = PBXFileReference; lastKnownFileType = file.storyboard; name = Base; path = Base.lproj/LaunchScreen.storyboard; sourceTree = "<group>"; };
		71B320332395DC0E001D04E6 /* Info.plist */ = {isa = PBXFileReference; lastKnownFileType = text.plist.xml; path = Info.plist; sourceTree = "<group>"; };
		71B320382395DC0E001D04E6 /* NYTBookAppTests.xctest */ = {isa = PBXFileReference; explicitFileType = wrapper.cfbundle; includeInIndex = 0; path = NYTBookAppTests.xctest; sourceTree = BUILT_PRODUCTS_DIR; };
		71B3203C2395DC0F001D04E6 /* NYTBookAppTests.swift */ = {isa = PBXFileReference; lastKnownFileType = sourcecode.swift; path = NYTBookAppTests.swift; sourceTree = "<group>"; };
		71B3203E2395DC0F001D04E6 /* Info.plist */ = {isa = PBXFileReference; lastKnownFileType = text.plist.xml; path = Info.plist; sourceTree = "<group>"; };
		71B320432395DC0F001D04E6 /* NYTBookAppUITests.xctest */ = {isa = PBXFileReference; explicitFileType = wrapper.cfbundle; includeInIndex = 0; path = NYTBookAppUITests.xctest; sourceTree = BUILT_PRODUCTS_DIR; };
		71B320472395DC0F001D04E6 /* NYTBookAppUITests.swift */ = {isa = PBXFileReference; lastKnownFileType = sourcecode.swift; path = NYTBookAppUITests.swift; sourceTree = "<group>"; };
		71B320492395DC0F001D04E6 /* Info.plist */ = {isa = PBXFileReference; lastKnownFileType = text.plist.xml; path = Info.plist; sourceTree = "<group>"; };
		7BF3249CDF5D6FF09AC80B1E /* Pods-NYTBookApp.debug.xcconfig */ = {isa = PBXFileReference; includeInIndex = 1; lastKnownFileType = text.xcconfig; name = "Pods-NYTBookApp.debug.xcconfig"; path = "Target Support Files/Pods-NYTBookApp/Pods-NYTBookApp.debug.xcconfig"; sourceTree = "<group>"; };
		892B00312131795613DD73F0 /* Pods-NYTBookApp.release.xcconfig */ = {isa = PBXFileReference; includeInIndex = 1; lastKnownFileType = text.xcconfig; name = "Pods-NYTBookApp.release.xcconfig"; path = "Target Support Files/Pods-NYTBookApp/Pods-NYTBookApp.release.xcconfig"; sourceTree = "<group>"; };
		A5EA0E8D08AFF91C6BF72475 /* Pods_NYTBookApp.framework */ = {isa = PBXFileReference; explicitFileType = wrapper.framework; includeInIndex = 0; path = Pods_NYTBookApp.framework; sourceTree = BUILT_PRODUCTS_DIR; };
		B156811B323EA2035E22028A /* Pods_NYTBookApp_NYTBookAppUITests.framework */ = {isa = PBXFileReference; explicitFileType = wrapper.framework; includeInIndex = 0; path = Pods_NYTBookApp_NYTBookAppUITests.framework; sourceTree = BUILT_PRODUCTS_DIR; };
		EDE72BFBC3DE123F2BA52C17 /* Pods-NYTBookAppTests.debug.xcconfig */ = {isa = PBXFileReference; includeInIndex = 1; lastKnownFileType = text.xcconfig; name = "Pods-NYTBookAppTests.debug.xcconfig"; path = "Target Support Files/Pods-NYTBookAppTests/Pods-NYTBookAppTests.debug.xcconfig"; sourceTree = "<group>"; };
/* End PBXFileReference section */

/* Begin PBXFrameworksBuildPhase section */
		71B3201C2395DC0D001D04E6 /* Frameworks */ = {
			isa = PBXFrameworksBuildPhase;
			buildActionMask = 2147483647;
			files = (
				7A94AC9AA36569537CC342F9 /* Pods_NYTBookApp.framework in Frameworks */,
			);
			runOnlyForDeploymentPostprocessing = 0;
		};
		71B320352395DC0E001D04E6 /* Frameworks */ = {
			isa = PBXFrameworksBuildPhase;
			buildActionMask = 2147483647;
			files = (
				98875F821DD1A95CA0536E29 /* Pods_NYTBookAppTests.framework in Frameworks */,
			);
			runOnlyForDeploymentPostprocessing = 0;
		};
		71B320402395DC0F001D04E6 /* Frameworks */ = {
			isa = PBXFrameworksBuildPhase;
			buildActionMask = 2147483647;
			files = (
				F14A9379088C926270B970EB /* Pods_NYTBookApp_NYTBookAppUITests.framework in Frameworks */,
			);
			runOnlyForDeploymentPostprocessing = 0;
		};
/* End PBXFrameworksBuildPhase section */

/* Begin PBXGroup section */
		71B320162395DC0D001D04E6 = {
			isa = PBXGroup;
			children = (
				71B320212395DC0D001D04E6 /* NYTBookApp */,
				71B3203B2395DC0F001D04E6 /* NYTBookAppTests */,
				71B320462395DC0F001D04E6 /* NYTBookAppUITests */,
				71B320202395DC0D001D04E6 /* Products */,
				D779ED7358CC6532EA157064 /* Pods */,
				90B66D9520C0660A2AC514ED /* Frameworks */,
			);
			sourceTree = "<group>";
		};
		71B320202395DC0D001D04E6 /* Products */ = {
			isa = PBXGroup;
			children = (
				71B3201F2395DC0D001D04E6 /* NYTBookApp.app */,
				71B320382395DC0E001D04E6 /* NYTBookAppTests.xctest */,
				71B320432395DC0F001D04E6 /* NYTBookAppUITests.xctest */,
			);
			name = Products;
			sourceTree = "<group>";
		};
		71B320212395DC0D001D04E6 /* NYTBookApp */ = {
			isa = PBXGroup;
			children = (
				71B320222395DC0D001D04E6 /* AppDelegate.swift */,
				71B320242395DC0D001D04E6 /* SceneDelegate.swift */,
				71B320262395DC0D001D04E6 /* ViewController.swift */,
				71B320282395DC0D001D04E6 /* Main.storyboard */,
				71B3202E2395DC0E001D04E6 /* Assets.xcassets */,
				71B320302395DC0E001D04E6 /* LaunchScreen.storyboard */,
				71B320332395DC0E001D04E6 /* Info.plist */,
				71B3202B2395DC0D001D04E6 /* NYTBookApp.xcdatamodeld */,
			);
			path = NYTBookApp;
			sourceTree = "<group>";
		};
		71B3203B2395DC0F001D04E6 /* NYTBookAppTests */ = {
			isa = PBXGroup;
			children = (
				71B3203C2395DC0F001D04E6 /* NYTBookAppTests.swift */,
				71B3203E2395DC0F001D04E6 /* Info.plist */,
			);
			path = NYTBookAppTests;
			sourceTree = "<group>";
		};
		71B320462395DC0F001D04E6 /* NYTBookAppUITests */ = {
			isa = PBXGroup;
			children = (
				71B320472395DC0F001D04E6 /* NYTBookAppUITests.swift */,
				71B320492395DC0F001D04E6 /* Info.plist */,
			);
			path = NYTBookAppUITests;
			sourceTree = "<group>";
		};
		90B66D9520C0660A2AC514ED /* Frameworks */ = {
			isa = PBXGroup;
			children = (
				A5EA0E8D08AFF91C6BF72475 /* Pods_NYTBookApp.framework */,
				B156811B323EA2035E22028A /* Pods_NYTBookApp_NYTBookAppUITests.framework */,
				2B9217170A2BEEB0D7FCE833 /* Pods_NYTBookAppTests.framework */,
			);
			name = Frameworks;
			sourceTree = "<group>";
		};
		D779ED7358CC6532EA157064 /* Pods */ = {
			isa = PBXGroup;
			children = (
				7BF3249CDF5D6FF09AC80B1E /* Pods-NYTBookApp.debug.xcconfig */,
				892B00312131795613DD73F0 /* Pods-NYTBookApp.release.xcconfig */,
				1E007426A816A6574CC1C334 /* Pods-NYTBookApp-NYTBookAppUITests.debug.xcconfig */,
				687AF99B09CAE56CADA065B5 /* Pods-NYTBookApp-NYTBookAppUITests.release.xcconfig */,
				EDE72BFBC3DE123F2BA52C17 /* Pods-NYTBookAppTests.debug.xcconfig */,
				1897AB6699BA34BCA467F919 /* Pods-NYTBookAppTests.release.xcconfig */,
			);
			name = Pods;
			path = Pods;
			sourceTree = "<group>";
		};
/* End PBXGroup section */

/* Begin PBXNativeTarget section */
		71B3201E2395DC0D001D04E6 /* NYTBookApp */ = {
			isa = PBXNativeTarget;
			buildConfigurationList = 71B3204C2395DC0F001D04E6 /* Build configuration list for PBXNativeTarget "NYTBookApp" */;
			buildPhases = (
				BCA1E1AEC76804A423C602DB /* [CP] Check Pods Manifest.lock */,
				71B3201B2395DC0D001D04E6 /* Sources */,
				71B3201C2395DC0D001D04E6 /* Frameworks */,
				71B3201D2395DC0D001D04E6 /* Resources */,
				BB332F6318E9F92A69029E99 /* [CP] Embed Pods Frameworks */,
			);
			buildRules = (
			);
			dependencies = (
			);
			name = NYTBookApp;
			productName = NYTBookApp;
			productReference = 71B3201F2395DC0D001D04E6 /* NYTBookApp.app */;
			productType = "com.apple.product-type.application";
		};
		71B320372395DC0E001D04E6 /* NYTBookAppTests */ = {
			isa = PBXNativeTarget;
			buildConfigurationList = 71B3204F2395DC0F001D04E6 /* Build configuration list for PBXNativeTarget "NYTBookAppTests" */;
			buildPhases = (
				BB8E1316A8FB25CA919B595A /* [CP] Check Pods Manifest.lock */,
				71B320342395DC0E001D04E6 /* Sources */,
				71B320352395DC0E001D04E6 /* Frameworks */,
				71B320362395DC0E001D04E6 /* Resources */,
			);
			buildRules = (
			);
			dependencies = (
				71B3203A2395DC0E001D04E6 /* PBXTargetDependency */,
			);
			name = NYTBookAppTests;
			productName = NYTBookAppTests;
			productReference = 71B320382395DC0E001D04E6 /* NYTBookAppTests.xctest */;
			productType = "com.apple.product-type.bundle.unit-test";
		};
		71B320422395DC0F001D04E6 /* NYTBookAppUITests */ = {
			isa = PBXNativeTarget;
			buildConfigurationList = 71B320522395DC0F001D04E6 /* Build configuration list for PBXNativeTarget "NYTBookAppUITests" */;
			buildPhases = (
				F0F0EF9646B81EA3E9C04B76 /* [CP] Check Pods Manifest.lock */,
				71B3203F2395DC0F001D04E6 /* Sources */,
				71B320402395DC0F001D04E6 /* Frameworks */,
				71B320412395DC0F001D04E6 /* Resources */,
				9498256C71FA9990B979313D /* [CP] Embed Pods Frameworks */,
			);
			buildRules = (
			);
			dependencies = (
				71B320452395DC0F001D04E6 /* PBXTargetDependency */,
			);
			name = NYTBookAppUITests;
			productName = NYTBookAppUITests;
			productReference = 71B320432395DC0F001D04E6 /* NYTBookAppUITests.xctest */;
			productType = "com.apple.product-type.bundle.ui-testing";
		};
/* End PBXNativeTarget section */

/* Begin PBXProject section */
		71B320172395DC0D001D04E6 /* Project object */ = {
			isa = PBXProject;
			attributes = {
				LastSwiftUpdateCheck = 1110;
				LastUpgradeCheck = 1110;
				ORGANIZATIONNAME = wirawan;
				TargetAttributes = {
					71B3201E2395DC0D001D04E6 = {
						CreatedOnToolsVersion = 11.1;
					};
					71B320372395DC0E001D04E6 = {
						CreatedOnToolsVersion = 11.1;
						TestTargetID = 71B3201E2395DC0D001D04E6;
					};
					71B320422395DC0F001D04E6 = {
						CreatedOnToolsVersion = 11.1;
						TestTargetID = 71B3201E2395DC0D001D04E6;
					};
				};
			};
			buildConfigurationList = 71B3201A2395DC0D001D04E6 /* Build configuration list for PBXProject "NYTBookApp" */;
			compatibilityVersion = "Xcode 9.3";
			developmentRegion = en;
			hasScannedForEncodings = 0;
			knownRegions = (
				en,
				Base,
			);
			mainGroup = 71B320162395DC0D001D04E6;
			productRefGroup = 71B320202395DC0D001D04E6 /* Products */;
			projectDirPath = "";
			projectRoot = "";
			targets = (
				71B3201E2395DC0D001D04E6 /* NYTBookApp */,
				71B320372395DC0E001D04E6 /* NYTBookAppTests */,
				71B320422395DC0F001D04E6 /* NYTBookAppUITests */,
			);
		};
/* End PBXProject section */

/* Begin PBXResourcesBuildPhase section */
		71B3201D2395DC0D001D04E6 /* Resources */ = {
			isa = PBXResourcesBuildPhase;
			buildActionMask = 2147483647;
			files = (
				71B320322395DC0E001D04E6 /* LaunchScreen.storyboard in Resources */,
				71B3202F2395DC0E001D04E6 /* Assets.xcassets in Resources */,
				71B3202A2395DC0D001D04E6 /* Main.storyboard in Resources */,
			);
			runOnlyForDeploymentPostprocessing = 0;
		};
		71B320362395DC0E001D04E6 /* Resources */ = {
			isa = PBXResourcesBuildPhase;
			buildActionMask = 2147483647;
			files = (
			);
			runOnlyForDeploymentPostprocessing = 0;
		};
		71B320412395DC0F001D04E6 /* Resources */ = {
			isa = PBXResourcesBuildPhase;
			buildActionMask = 2147483647;
			files = (
			);
			runOnlyForDeploymentPostprocessing = 0;
		};
/* End PBXResourcesBuildPhase section */

/* Begin PBXShellScriptBuildPhase section */
		9498256C71FA9990B979313D /* [CP] Embed Pods Frameworks */ = {
			isa = PBXShellScriptBuildPhase;
			buildActionMask = 2147483647;
			files = (
			);
			inputFileListPaths = (
				"${PODS_ROOT}/Target Support Files/Pods-NYTBookApp-NYTBookAppUITests/Pods-NYTBookApp-NYTBookAppUITests-frameworks-${CONFIGURATION}-input-files.xcfilelist",
			);
			name = "[CP] Embed Pods Frameworks";
			outputFileListPaths = (
				"${PODS_ROOT}/Target Support Files/Pods-NYTBookApp-NYTBookAppUITests/Pods-NYTBookApp-NYTBookAppUITests-frameworks-${CONFIGURATION}-output-files.xcfilelist",
			);
			runOnlyForDeploymentPostprocessing = 0;
			shellPath = /bin/sh;
			shellScript = "\"${PODS_ROOT}/Target Support Files/Pods-NYTBookApp-NYTBookAppUITests/Pods-NYTBookApp-NYTBookAppUITests-frameworks.sh\"\n";
			showEnvVarsInLog = 0;
		};
		BB332F6318E9F92A69029E99 /* [CP] Embed Pods Frameworks */ = {
			isa = PBXShellScriptBuildPhase;
			buildActionMask = 2147483647;
			files = (
			);
			inputFileListPaths = (
				"${PODS_ROOT}/Target Support Files/Pods-NYTBookApp/Pods-NYTBookApp-frameworks-${CONFIGURATION}-input-files.xcfilelist",
			);
			name = "[CP] Embed Pods Frameworks";
			outputFileListPaths = (
				"${PODS_ROOT}/Target Support Files/Pods-NYTBookApp/Pods-NYTBookApp-frameworks-${CONFIGURATION}-output-files.xcfilelist",
			);
			runOnlyForDeploymentPostprocessing = 0;
			shellPath = /bin/sh;
			shellScript = "\"${PODS_ROOT}/Target Support Files/Pods-NYTBookApp/Pods-NYTBookApp-frameworks.sh\"\n";
			showEnvVarsInLog = 0;
		};
		BB8E1316A8FB25CA919B595A /* [CP] Check Pods Manifest.lock */ = {
			isa = PBXShellScriptBuildPhase;
			buildActionMask = 2147483647;
			files = (
			);
			inputFileListPaths = (
			);
			inputPaths = (
				"${PODS_PODFILE_DIR_PATH}/Podfile.lock",
				"${PODS_ROOT}/Manifest.lock",
			);
			name = "[CP] Check Pods Manifest.lock";
			outputFileListPaths = (
			);
			outputPaths = (
				"$(DERIVED_FILE_DIR)/Pods-NYTBookAppTests-checkManifestLockResult.txt",
			);
			runOnlyForDeploymentPostprocessing = 0;
			shellPath = /bin/sh;
			shellScript = "diff \"${PODS_PODFILE_DIR_PATH}/Podfile.lock\" \"${PODS_ROOT}/Manifest.lock\" > /dev/null\nif [ $? != 0 ] ; then\n    # print error to STDERR\n    echo \"error: The sandbox is not in sync with the Podfile.lock. Run 'pod install' or update your CocoaPods installation.\" >&2\n    exit 1\nfi\n# This output is used by Xcode 'outputs' to avoid re-running this script phase.\necho \"SUCCESS\" > \"${SCRIPT_OUTPUT_FILE_0}\"\n";
			showEnvVarsInLog = 0;
		};
		BCA1E1AEC76804A423C602DB /* [CP] Check Pods Manifest.lock */ = {
			isa = PBXShellScriptBuildPhase;
			buildActionMask = 2147483647;
			files = (
			);
			inputFileListPaths = (
			);
			inputPaths = (
				"${PODS_PODFILE_DIR_PATH}/Podfile.lock",
				"${PODS_ROOT}/Manifest.lock",
			);
			name = "[CP] Check Pods Manifest.lock";
			outputFileListPaths = (
			);
			outputPaths = (
				"$(DERIVED_FILE_DIR)/Pods-NYTBookApp-checkManifestLockResult.txt",
			);
			runOnlyForDeploymentPostprocessing = 0;
			shellPath = /bin/sh;
			shellScript = "diff \"${PODS_PODFILE_DIR_PATH}/Podfile.lock\" \"${PODS_ROOT}/Manifest.lock\" > /dev/null\nif [ $? != 0 ] ; then\n    # print error to STDERR\n    echo \"error: The sandbox is not in sync with the Podfile.lock. Run 'pod install' or update your CocoaPods installation.\" >&2\n    exit 1\nfi\n# This output is used by Xcode 'outputs' to avoid re-running this script phase.\necho \"SUCCESS\" > \"${SCRIPT_OUTPUT_FILE_0}\"\n";
			showEnvVarsInLog = 0;
		};
		F0F0EF9646B81EA3E9C04B76 /* [CP] Check Pods Manifest.lock */ = {
			isa = PBXShellScriptBuildPhase;
			buildActionMask = 2147483647;
			files = (
			);
			inputFileListPaths = (
			);
			inputPaths = (
				"${PODS_PODFILE_DIR_PATH}/Podfile.lock",
				"${PODS_ROOT}/Manifest.lock",
			);
			name = "[CP] Check Pods Manifest.lock";
			outputFileListPaths = (
			);
			outputPaths = (
				"$(DERIVED_FILE_DIR)/Pods-NYTBookApp-NYTBookAppUITests-checkManifestLockResult.txt",
			);
			runOnlyForDeploymentPostprocessing = 0;
			shellPath = /bin/sh;
			shellScript = "diff \"${PODS_PODFILE_DIR_PATH}/Podfile.lock\" \"${PODS_ROOT}/Manifest.lock\" > /dev/null\nif [ $? != 0 ] ; then\n    # print error to STDERR\n    echo \"error: The sandbox is not in sync with the Podfile.lock. Run 'pod install' or update your CocoaPods installation.\" >&2\n    exit 1\nfi\n# This output is used by Xcode 'outputs' to avoid re-running this script phase.\necho \"SUCCESS\" > \"${SCRIPT_OUTPUT_FILE_0}\"\n";
			showEnvVarsInLog = 0;
		};
/* End PBXShellScriptBuildPhase section */

/* Begin PBXSourcesBuildPhase section */
		71B3201B2395DC0D001D04E6 /* Sources */ = {
			isa = PBXSourcesBuildPhase;
			buildActionMask = 2147483647;
			files = (
				71B320272395DC0D001D04E6 /* ViewController.swift in Sources */,
				71B320232395DC0D001D04E6 /* AppDelegate.swift in Sources */,
				71B3202D2395DC0D001D04E6 /* NYTBookApp.xcdatamodeld in Sources */,
				71B320252395DC0D001D04E6 /* SceneDelegate.swift in Sources */,
			);
			runOnlyForDeploymentPostprocessing = 0;
		};
		71B320342395DC0E001D04E6 /* Sources */ = {
			isa = PBXSourcesBuildPhase;
			buildActionMask = 2147483647;
			files = (
				71B3203D2395DC0F001D04E6 /* NYTBookAppTests.swift in Sources */,
			);
			runOnlyForDeploymentPostprocessing = 0;
		};
		71B3203F2395DC0F001D04E6 /* Sources */ = {
			isa = PBXSourcesBuildPhase;
			buildActionMask = 2147483647;
			files = (
				71B320482395DC0F001D04E6 /* NYTBookAppUITests.swift in Sources */,
			);
			runOnlyForDeploymentPostprocessing = 0;
		};
/* End PBXSourcesBuildPhase section */

/* Begin PBXTargetDependency section */
		71B3203A2395DC0E001D04E6 /* PBXTargetDependency */ = {
			isa = PBXTargetDependency;
			target = 71B3201E2395DC0D001D04E6 /* NYTBookApp */;
			targetProxy = 71B320392395DC0E001D04E6 /* PBXContainerItemProxy */;
		};
		71B320452395DC0F001D04E6 /* PBXTargetDependency */ = {
			isa = PBXTargetDependency;
			target = 71B3201E2395DC0D001D04E6 /* NYTBookApp */;
			targetProxy = 71B320442395DC0F001D04E6 /* PBXContainerItemProxy */;
		};
/* End PBXTargetDependency section */

/* Begin PBXVariantGroup section */
		71B320282395DC0D001D04E6 /* Main.storyboard */ = {
			isa = PBXVariantGroup;
			children = (
				71B320292395DC0D001D04E6 /* Base */,
			);
			name = Main.storyboard;
			sourceTree = "<group>";
		};
		71B320302395DC0E001D04E6 /* LaunchScreen.storyboard */ = {
			isa = PBXVariantGroup;
			children = (
				71B320312395DC0E001D04E6 /* Base */,
			);
			name = LaunchScreen.storyboard;
			sourceTree = "<group>";
		};
/* End PBXVariantGroup section */

/* Begin XCBuildConfiguration section */
		71B3204A2395DC0F001D04E6 /* Debug */ = {
			isa = XCBuildConfiguration;
			buildSettings = {
				ALWAYS_SEARCH_USER_PATHS = NO;
				CLANG_ANALYZER_NONNULL = YES;
				CLANG_ANALYZER_NUMBER_OBJECT_CONVERSION = YES_AGGRESSIVE;
				CLANG_CXX_LANGUAGE_STANDARD = "gnu++14";
				CLANG_CXX_LIBRARY = "libc++";
				CLANG_ENABLE_MODULES = YES;
				CLANG_ENABLE_OBJC_ARC = YES;
				CLANG_ENABLE_OBJC_WEAK = YES;
				CLANG_WARN_BLOCK_CAPTURE_AUTORELEASING = YES;
				CLANG_WARN_BOOL_CONVERSION = YES;
				CLANG_WARN_COMMA = YES;
				CLANG_WARN_CONSTANT_CONVERSION = YES;
				CLANG_WARN_DEPRECATED_OBJC_IMPLEMENTATIONS = YES;
				CLANG_WARN_DIRECT_OBJC_ISA_USAGE = YES_ERROR;
				CLANG_WARN_DOCUMENTATION_COMMENTS = YES;
				CLANG_WARN_EMPTY_BODY = YES;
				CLANG_WARN_ENUM_CONVERSION = YES;
				CLANG_WARN_INFINITE_RECURSION = YES;
				CLANG_WARN_INT_CONVERSION = YES;
				CLANG_WARN_NON_LITERAL_NULL_CONVERSION = YES;
				CLANG_WARN_OBJC_IMPLICIT_RETAIN_SELF = YES;
				CLANG_WARN_OBJC_LITERAL_CONVERSION = YES;
				CLANG_WARN_OBJC_ROOT_CLASS = YES_ERROR;
				CLANG_WARN_RANGE_LOOP_ANALYSIS = YES;
				CLANG_WARN_STRICT_PROTOTYPES = YES;
				CLANG_WARN_SUSPICIOUS_MOVE = YES;
				CLANG_WARN_UNGUARDED_AVAILABILITY = YES_AGGRESSIVE;
				CLANG_WARN_UNREACHABLE_CODE = YES;
				CLANG_WARN__DUPLICATE_METHOD_MATCH = YES;
				COPY_PHASE_STRIP = NO;
				DEBUG_INFORMATION_FORMAT = dwarf;
				ENABLE_STRICT_OBJC_MSGSEND = YES;
				ENABLE_TESTABILITY = YES;
				GCC_C_LANGUAGE_STANDARD = gnu11;
				GCC_DYNAMIC_NO_PIC = NO;
				GCC_NO_COMMON_BLOCKS = YES;
				GCC_OPTIMIZATION_LEVEL = 0;
				GCC_PREPROCESSOR_DEFINITIONS = (
					"DEBUG=1",
					"$(inherited)",
				);
				GCC_WARN_64_TO_32_BIT_CONVERSION = YES;
				GCC_WARN_ABOUT_RETURN_TYPE = YES_ERROR;
				GCC_WARN_UNDECLARED_SELECTOR = YES;
				GCC_WARN_UNINITIALIZED_AUTOS = YES_AGGRESSIVE;
				GCC_WARN_UNUSED_FUNCTION = YES;
				GCC_WARN_UNUSED_VARIABLE = YES;
				IPHONEOS_DEPLOYMENT_TARGET = 13.1;
				MTL_ENABLE_DEBUG_INFO = INCLUDE_SOURCE;
				MTL_FAST_MATH = YES;
				ONLY_ACTIVE_ARCH = YES;
				SDKROOT = iphoneos;
				SWIFT_ACTIVE_COMPILATION_CONDITIONS = DEBUG;
				SWIFT_OPTIMIZATION_LEVEL = "-Onone";
			};
			name = Debug;
		};
		71B3204B2395DC0F001D04E6 /* Release */ = {
			isa = XCBuildConfiguration;
			buildSettings = {
				ALWAYS_SEARCH_USER_PATHS = NO;
				CLANG_ANALYZER_NONNULL = YES;
				CLANG_ANALYZER_NUMBER_OBJECT_CONVERSION = YES_AGGRESSIVE;
				CLANG_CXX_LANGUAGE_STANDARD = "gnu++14";
				CLANG_CXX_LIBRARY = "libc++";
				CLANG_ENABLE_MODULES = YES;
				CLANG_ENABLE_OBJC_ARC = YES;
				CLANG_ENABLE_OBJC_WEAK = YES;
				CLANG_WARN_BLOCK_CAPTURE_AUTORELEASING = YES;
				CLANG_WARN_BOOL_CONVERSION = YES;
				CLANG_WARN_COMMA = YES;
				CLANG_WARN_CONSTANT_CONVERSION = YES;
				CLANG_WARN_DEPRECATED_OBJC_IMPLEMENTATIONS = YES;
				CLANG_WARN_DIRECT_OBJC_ISA_USAGE = YES_ERROR;
				CLANG_WARN_DOCUMENTATION_COMMENTS = YES;
				CLANG_WARN_EMPTY_BODY = YES;
				CLANG_WARN_ENUM_CONVERSION = YES;
				CLANG_WARN_INFINITE_RECURSION = YES;
				CLANG_WARN_INT_CONVERSION = YES;
				CLANG_WARN_NON_LITERAL_NULL_CONVERSION = YES;
				CLANG_WARN_OBJC_IMPLICIT_RETAIN_SELF = YES;
				CLANG_WARN_OBJC_LITERAL_CONVERSION = YES;
				CLANG_WARN_OBJC_ROOT_CLASS = YES_ERROR;
				CLANG_WARN_RANGE_LOOP_ANALYSIS = YES;
				CLANG_WARN_STRICT_PROTOTYPES = YES;
				CLANG_WARN_SUSPICIOUS_MOVE = YES;
				CLANG_WARN_UNGUARDED_AVAILABILITY = YES_AGGRESSIVE;
				CLANG_WARN_UNREACHABLE_CODE = YES;
				CLANG_WARN__DUPLICATE_METHOD_MATCH = YES;
				COPY_PHASE_STRIP = NO;
				DEBUG_INFORMATION_FORMAT = "dwarf-with-dsym";
				ENABLE_NS_ASSERTIONS = NO;
				ENABLE_STRICT_OBJC_MSGSEND = YES;
				GCC_C_LANGUAGE_STANDARD = gnu11;
				GCC_NO_COMMON_BLOCKS = YES;
				GCC_WARN_64_TO_32_BIT_CONVERSION = YES;
				GCC_WARN_ABOUT_RETURN_TYPE = YES_ERROR;
				GCC_WARN_UNDECLARED_SELECTOR = YES;
				GCC_WARN_UNINITIALIZED_AUTOS = YES_AGGRESSIVE;
				GCC_WARN_UNUSED_FUNCTION = YES;
				GCC_WARN_UNUSED_VARIABLE = YES;
				IPHONEOS_DEPLOYMENT_TARGET = 13.1;
				MTL_ENABLE_DEBUG_INFO = NO;
				MTL_FAST_MATH = YES;
				SDKROOT = iphoneos;
				SWIFT_COMPILATION_MODE = wholemodule;
				SWIFT_OPTIMIZATION_LEVEL = "-O";
				VALIDATE_PRODUCT = YES;
			};
			name = Release;
		};
		71B3204D2395DC0F001D04E6 /* Debug */ = {
			isa = XCBuildConfiguration;
			baseConfigurationReference = 7BF3249CDF5D6FF09AC80B1E /* Pods-NYTBookApp.debug.xcconfig */;
			buildSettings = {
				ASSETCATALOG_COMPILER_APPICON_NAME = AppIcon;
				CODE_SIGN_STYLE = Automatic;
				INFOPLIST_FILE = NYTBookApp/Info.plist;
				LD_RUNPATH_SEARCH_PATHS = (
					"$(inherited)",
					"@executable_path/Frameworks",
				);
				PRODUCT_BUNDLE_IDENTIFIER = com.wirawan.NYTBookApp;
				PRODUCT_NAME = "$(TARGET_NAME)";
				SWIFT_VERSION = 5.0;
				TARGETED_DEVICE_FAMILY = "1,2";
			};
			name = Debug;
		};
		71B3204E2395DC0F001D04E6 /* Release */ = {
			isa = XCBuildConfiguration;
			baseConfigurationReference = 892B00312131795613DD73F0 /* Pods-NYTBookApp.release.xcconfig */;
			buildSettings = {
				ASSETCATALOG_COMPILER_APPICON_NAME = AppIcon;
				CODE_SIGN_STYLE = Automatic;
				INFOPLIST_FILE = NYTBookApp/Info.plist;
				LD_RUNPATH_SEARCH_PATHS = (
					"$(inherited)",
					"@executable_path/Frameworks",
				);
				PRODUCT_BUNDLE_IDENTIFIER = com.wirawan.NYTBookApp;
				PRODUCT_NAME = "$(TARGET_NAME)";
				SWIFT_VERSION = 5.0;
				TARGETED_DEVICE_FAMILY = "1,2";
			};
			name = Release;
		};
		71B320502395DC0F001D04E6 /* Debug */ = {
			isa = XCBuildConfiguration;
			baseConfigurationReference = EDE72BFBC3DE123F2BA52C17 /* Pods-NYTBookAppTests.debug.xcconfig */;
			buildSettings = {
				ALWAYS_EMBED_SWIFT_STANDARD_LIBRARIES = YES;
				BUNDLE_LOADER = "$(TEST_HOST)";
				CODE_SIGN_STYLE = Automatic;
				INFOPLIST_FILE = NYTBookAppTests/Info.plist;
				IPHONEOS_DEPLOYMENT_TARGET = 13.1;
				LD_RUNPATH_SEARCH_PATHS = (
					"$(inherited)",
					"@executable_path/Frameworks",
					"@loader_path/Frameworks",
				);
				PRODUCT_BUNDLE_IDENTIFIER = com.wirawan.NYTBookAppTests;
				PRODUCT_NAME = "$(TARGET_NAME)";
				SWIFT_VERSION = 5.0;
				TARGETED_DEVICE_FAMILY = "1,2";
				TEST_HOST = "$(BUILT_PRODUCTS_DIR)/NYTBookApp.app/NYTBookApp";
			};
			name = Debug;
		};
		71B320512395DC0F001D04E6 /* Release */ = {
			isa = XCBuildConfiguration;
			baseConfigurationReference = 1897AB6699BA34BCA467F919 /* Pods-NYTBookAppTests.release.xcconfig */;
			buildSettings = {
				ALWAYS_EMBED_SWIFT_STANDARD_LIBRARIES = YES;
				BUNDLE_LOADER = "$(TEST_HOST)";
				CODE_SIGN_STYLE = Automatic;
				INFOPLIST_FILE = NYTBookAppTests/Info.plist;
				IPHONEOS_DEPLOYMENT_TARGET = 13.1;
				LD_RUNPATH_SEARCH_PATHS = (
					"$(inherited)",
					"@executable_path/Frameworks",
					"@loader_path/Frameworks",
				);
				PRODUCT_BUNDLE_IDENTIFIER = com.wirawan.NYTBookAppTests;
				PRODUCT_NAME = "$(TARGET_NAME)";
				SWIFT_VERSION = 5.0;
				TARGETED_DEVICE_FAMILY = "1,2";
				TEST_HOST = "$(BUILT_PRODUCTS_DIR)/NYTBookApp.app/NYTBookApp";
			};
			name = Release;
		};
		71B320532395DC0F001D04E6 /* Debug */ = {
			isa = XCBuildConfiguration;
			baseConfigurationReference = 1E007426A816A6574CC1C334 /* Pods-NYTBookApp-NYTBookAppUITests.debug.xcconfig */;
			buildSettings = {
				ALWAYS_EMBED_SWIFT_STANDARD_LIBRARIES = YES;
				CODE_SIGN_STYLE = Automatic;
				INFOPLIST_FILE = NYTBookAppUITests/Info.plist;
				LD_RUNPATH_SEARCH_PATHS = (
					"$(inherited)",
					"@executable_path/Frameworks",
					"@loader_path/Frameworks",
				);
				PRODUCT_BUNDLE_IDENTIFIER = com.wirawan.NYTBookAppUITests;
				PRODUCT_NAME = "$(TARGET_NAME)";
				SWIFT_VERSION = 5.0;
				TARGETED_DEVICE_FAMILY = "1,2";
				TEST_TARGET_NAME = NYTBookApp;
			};
			name = Debug;
		};
		71B320542395DC0F001D04E6 /* Release */ = {
			isa = XCBuildConfiguration;
			baseConfigurationReference = 687AF99B09CAE56CADA065B5 /* Pods-NYTBookApp-NYTBookAppUITests.release.xcconfig */;
			buildSettings = {
				ALWAYS_EMBED_SWIFT_STANDARD_LIBRARIES = YES;
				CODE_SIGN_STYLE = Automatic;
				INFOPLIST_FILE = NYTBookAppUITests/Info.plist;
				LD_RUNPATH_SEARCH_PATHS = (
					"$(inherited)",
					"@executable_path/Frameworks",
					"@loader_path/Frameworks",
				);
				PRODUCT_BUNDLE_IDENTIFIER = com.wirawan.NYTBookAppUITests;
				PRODUCT_NAME = "$(TARGET_NAME)";
				SWIFT_VERSION = 5.0;
				TARGETED_DEVICE_FAMILY = "1,2";
				TEST_TARGET_NAME = NYTBookApp;
			};
			name = Release;
		};
/* End XCBuildConfiguration section */

/* Begin XCConfigurationList section */
		71B3201A2395DC0D001D04E6 /* Build configuration list for PBXProject "NYTBookApp" */ = {
			isa = XCConfigurationList;
			buildConfigurations = (
				71B3204A2395DC0F001D04E6 /* Debug */,
				71B3204B2395DC0F001D04E6 /* Release */,
			);
			defaultConfigurationIsVisible = 0;
			defaultConfigurationName = Release;
		};
		71B3204C2395DC0F001D04E6 /* Build configuration list for PBXNativeTarget "NYTBookApp" */ = {
			isa = XCConfigurationList;
			buildConfigurations = (
				71B3204D2395DC0F001D04E6 /* Debug */,
				71B3204E2395DC0F001D04E6 /* Release */,
			);
			defaultConfigurationIsVisible = 0;
			defaultConfigurationName = Release;
		};
		71B3204F2395DC0F001D04E6 /* Build configuration list for PBXNativeTarget "NYTBookAppTests" */ = {
			isa = XCConfigurationList;
			buildConfigurations = (
				71B320502395DC0F001D04E6 /* Debug */,
				71B320512395DC0F001D04E6 /* Release */,
			);
			defaultConfigurationIsVisible = 0;
			defaultConfigurationName = Release;
		};
		71B320522395DC0F001D04E6 /* Build configuration list for PBXNativeTarget "NYTBookAppUITests" */ = {
			isa = XCConfigurationList;
			buildConfigurations = (
				71B320532395DC0F001D04E6 /* Debug */,
				71B320542395DC0F001D04E6 /* Release */,
			);
			defaultConfigurationIsVisible = 0;
			defaultConfigurationName = Release;
		};
/* End XCConfigurationList section */

/* Begin XCVersionGroup section */
		71B3202B2395DC0D001D04E6 /* NYTBookApp.xcdatamodeld */ = {
			isa = XCVersionGroup;
			children = (
				71B3202C2395DC0D001D04E6 /* NYTBookApp.xcdatamodel */,
			);
			currentVersion = 71B3202C2395DC0D001D04E6 /* NYTBookApp.xcdatamodel */;
			path = NYTBookApp.xcdatamodeld;
			sourceTree = "<group>";
			versionGroupType = wrapper.xcdatamodel;
		};
/* End XCVersionGroup section */
	};
	rootObject = 71B320172395DC0D001D04E6 /* Project object */;
}
